dependencies:
- name: agentgateway
  repository: ""
  version: 0.1.0
- name: apiServer
  repository: ""
  version: 0.1.0
- name: z1sandbox-website
  repository: ""
  version: 2.0.0
- name: metallb
  repository: ""
  version: 0.1.0
- name: kindCluster
  repository: ""
  version: 0.1.0
- name: opensandboxResourcePool
  repository: ""
  version: 0.1.0
- name: opensandbox
  repository: ""
  version: 0.1.0
digest: sha256:63d1c6718aeddb31ddc48072503f83252b61c4e7931d55dc4a260c959542ea46
generated: "2026-04-29T12:31:31.134027768+05:45"
